
Microsoft Visual Studio Solution File, Format Version 12.00
# Visual Studio Version 17
VisualStudioVersion = 17.0.31903.59
MinimumVisualStudioVersion = 10.0.40219.1
Project("{FAE04EC0-301F-11D3-BF4B-00C04F79EFBC}") = "Raylib-cs.BleedingEdge", "Raylib-cs.BleedingEdge\Raylib-cs.BleedingEdge.csproj", "{2773A47F-077B-48CB-85CC-82CB1854561C}"
EndProject
Project("{FAE04EC0-301F-11D3-BF4B-00C04F79EFBC}") = "Raylib-cs.BleedingEdge.Native", "Raylib-cs.BleedingEdge.Native\Raylib-cs.BleedingEdge.Native.csproj", "{B2CB9257-9994-4B6D-9A84-F700B61D3905}"
EndProject
Project("{FAE04EC0-301F-11D3-BF4B-00C04F79EFBC}") = "Raylib-cs.BleedingEdge.TestGround", "Raylib-cs.BleedingEdge.TestGround\Raylib-cs.BleedingEdge.TestGround.csproj", "{14455C99-B1E4-44B8-A674-B42A086FB9EA}"
EndProject
Project("{FAE04EC0-301F-11D3-BF4B-00C04F79EFBC}") = "Raylib-cs.BleedingEdge.Runtimes", "Raylib-cs.BleedingEdge.Runtimes\Raylib-cs.BleedingEdge.Runtimes.csproj", "{245896D9-4102-4E8D-90F4-572950A2F0C7}"
EndProject
Project("{FAE04EC0-301F-11D3-BF4B-00C04F79EFBC}") = "Raylib-cs.BleedingEdge.Examples", "Raylib-cs.BleedingEdge.Examples\Raylib-cs.BleedingEdge.Examples.csproj", "{DCBF6A45-4006-4250-A3C5-615BD2504E74}"
EndProject
Global
	GlobalSection(SolutionConfigurationPlatforms) = preSolution
		Debug|Any CPU = Debug|Any CPU
		Release|Any CPU = Release|Any CPU
	EndGlobalSection
	GlobalSection(SolutionProperties) = preSolution
		HideSolutionNode = FALSE
	EndGlobalSection
	GlobalSection(ProjectConfigurationPlatforms) = postSolution
		{2773A47F-077B-48CB-85CC-82CB1854561C}.Debug|Any CPU.ActiveCfg = Debug|Any CPU
		{2773A47F-077B-48CB-85CC-82CB1854561C}.Debug|Any CPU.Build.0 = Debug|Any CPU
		{2773A47F-077B-48CB-85CC-82CB1854561C}.Release|Any CPU.ActiveCfg = Release|Any CPU
		{2773A47F-077B-48CB-85CC-82CB1854561C}.Release|Any CPU.Build.0 = Release|Any CPU
		{B2CB9257-9994-4B6D-9A84-F700B61D3905}.Debug|Any CPU.ActiveCfg = Debug|Any CPU
		{B2CB9257-9994-4B6D-9A84-F700B61D3905}.Debug|Any CPU.Build.0 = Debug|Any CPU
		{B2CB9257-9994-4B6D-9A84-F700B61D3905}.Release|Any CPU.ActiveCfg = Release|Any CPU
		{B2CB9257-9994-4B6D-9A84-F700B61D3905}.Release|Any CPU.Build.0 = Release|Any CPU
		{14455C99-B1E4-44B8-A674-B42A086FB9EA}.Debug|Any CPU.ActiveCfg = Debug|Any CPU
		{14455C99-B1E4-44B8-A674-B42A086FB9EA}.Debug|Any CPU.Build.0 = Debug|Any CPU
		{14455C99-B1E4-44B8-A674-B42A086FB9EA}.Release|Any CPU.ActiveCfg = Release|Any CPU
		{14455C99-B1E4-44B8-A674-B42A086FB9EA}.Release|Any CPU.Build.0 = Release|Any CPU
		{245896D9-4102-4E8D-90F4-572950A2F0C7}.Debug|Any CPU.ActiveCfg = Debug|Any CPU
		{245896D9-4102-4E8D-90F4-572950A2F0C7}.Debug|Any CPU.Build.0 = Debug|Any CPU
		{245896D9-4102-4E8D-90F4-572950A2F0C7}.Release|Any CPU.ActiveCfg = Release|Any CPU
		{245896D9-4102-4E8D-90F4-572950A2F0C7}.Release|Any CPU.Build.0 = Release|Any CPU
		{DCBF6A45-4006-4250-A3C5-615BD2504E74}.Debug|Any CPU.ActiveCfg = Debug|Any CPU
		{DCBF6A45-4006-4250-A3C5-615BD2504E74}.Debug|Any CPU.Build.0 = Debug|Any CPU
		{DCBF6A45-4006-4250-A3C5-615BD2504E74}.Release|Any CPU.ActiveCfg = Release|Any CPU
		{DCBF6A45-4006-4250-A3C5-615BD2504E74}.Release|Any CPU.Build.0 = Release|Any CPU
	EndGlobalSection
EndGlobal
